// !$*UTF8*$!
{
	archiveVersion = 1;
	classes = {
	};
	objectVersion = 55;
	objects = {

/* Begin PBXBuildFile section */
		A87AA74927DAE2DD00DD31DC /* AppDelegate.swift in Sources */ = {isa = PBXBuildFile; fileRef = A87AA74827DAE2DD00DD31DC /* AppDelegate.swift */; };
		A87AA74B27DAE2DD00DD31DC /* SceneDelegate.swift in Sources */ = {isa = PBXBuildFile; fileRef = A87AA74A27DAE2DD00DD31DC /* SceneDelegate.swift */; };
		A87AA74D27DAE2DD00DD31DC /* ViewController.swift in Sources */ = {isa = PBXBuildFile; fileRef = A87AA74C27DAE2DD00DD31DC /* ViewController.swift */; };
		A87AA75027DAE2DD00DD31DC /* Main.storyboard in Resources */ = {isa = PBXBuildFile; fileRef = A87AA74E27DAE2DD00DD31DC /* Main.storyboard */; };
		A87AA75227DAE2DF00DD31DC /* Assets.xcassets in Resources */ = {isa = PBXBuildFile; fileRef = A87AA75127DAE2DF00DD31DC /* Assets.xcassets */; };
		A87AA75527DAE2DF00DD31DC /* LaunchScreen.storyboard in Resources */ = {isa = PBXBuildFile; fileRef = A87AA75327DAE2DF00DD31DC /* LaunchScreen.storyboard */; };
		A87AA76027DAE2DF00DD31DC /* check_in1Tests.swift in Sources */ = {isa = PBXBuildFile; fileRef = A87AA75F27DAE2DF00DD31DC /* check_in1Tests.swift */; };
		A87AA76A27DAE2DF00DD31DC /* check_in1UITests.swift in Sources */ = {isa = PBXBuildFile; fileRef = A87AA76927DAE2DF00DD31DC /* check_in1UITests.swift */; };
		A87AA76C27DAE2DF00DD31DC /* check_in1UITestsLaunchTests.swift in Sources */ = {isa = PBXBuildFile; fileRef = A87AA76B27DAE2DF00DD31DC /* check_in1UITestsLaunchTests.swift */; };
/* End PBXBuildFile section */

/* Begin PBXContainerItemProxy section */
		A87AA75C27DAE2DF00DD31DC /* PBXContainerItemProxy */ = {
			isa = PBXContainerItemProxy;
			containerPortal = A87AA73D27DAE2DD00DD31DC /* Project object */;
			proxyType = 1;
			remoteGlobalIDString = A87AA74427DAE2DD00DD31DC;
			remoteInfo = "check-in1";
		};
		A87AA76627DAE2DF00DD31DC /* PBXContainerItemProxy */ = {
			isa = PBXContainerItemProxy;
			containerPortal = A87AA73D27DAE2DD00DD31DC /* Project object */;
			proxyType = 1;
			remoteGlobalIDString = A87AA74427DAE2DD00DD31DC;
			remoteInfo = "check-in1";
		};
/* End PBXContainerItemProxy section */

/* Begin PBXFileReference section */
		A87AA74527DAE2DD00DD31DC /* check-in1.app */ = {isa = PBXFileReference; explicitFileType = wrapper.application; includeInIndex = 0; path = "check-in1.app"; sourceTree = BUILT_PRODUCTS_DIR; };
		A87AA74827DAE2DD00DD31DC /* AppDelegate.swift */ = {isa = PBXFileReference; lastKnownFileType = sourcecode.swift; path = AppDelegate.swift; sourceTree = "<group>"; };
		A87AA74A27DAE2DD00DD31DC /* SceneDelegate.swift */ = {isa = PBXFileReference; lastKnownFileType = sourcecode.swift; path = SceneDelegate.swift; sourceTree = "<group>"; };
		A87AA74C27DAE2DD00DD31DC /* ViewController.swift */ = {isa = PBXFileReference; lastKnownFileType = sourcecode.swift; path = ViewController.swift; sourceTree = "<group>"; };
		A87AA74F27DAE2DD00DD31DC /* Base */ = {isa = PBXFileReference; lastKnownFileType = file.storyboard; name = Base; path = Base.lproj/Main.storyboard; sourceTree = "<group>"; };
		A87AA75127DAE2DF00DD31DC /* Assets.xcassets */ = {isa = PBXFileReference; lastKnownFileType = folder.assetcatalog; path = Assets.xcassets; sourceTree = "<group>"; };
		A87AA75427DAE2DF00DD31DC /* Base */ = {isa = PBXFileReference; lastKnownFileType = file.storyboard; name = Base; path = Base.lproj/LaunchScreen.storyboard; sourceTree = "<group>"; };
		A87AA75627DAE2DF00DD31DC /* Info.plist */ = {isa = PBXFileReference; lastKnownFileType = text.plist.xml; path = Info.plist; sourceTree = "<group>"; };
		A87AA75B27DAE2DF00DD31DC /* check-in1Tests.xctest */ = {isa = PBXFileReference; explicitFileType = wrapper.cfbundle; includeInIndex = 0; path = "check-in1Tests.xctest"; sourceTree = BUILT_PRODUCTS_DIR; };
		A87AA75F27DAE2DF00DD31DC /* check_in1Tests.swift */ = {isa = PBXFileReference; lastKnownFileType = sourcecode.swift; path = check_in1Tests.swift; sourceTree = "<group>"; };
		A87AA76527DAE2DF00DD31DC /* check-in1UITests.xctest */ = {isa = PBXFileReference; explicitFileType = wrapper.cfbundle; includeInIndex = 0; path = "check-in1UITests.xctest"; sourceTree = BUILT_PRODUCTS_DIR; };
		A87AA76927DAE2DF00DD31DC /* check_in1UITests.swift */ = {isa = PBXFileReference; lastKnownFileType = sourcecode.swift; path = check_in1UITests.swift; sourceTree = "<group>"; };
		A87AA76B27DAE2DF00DD31DC /* check_in1UITestsLaunchTests.swift */ = {isa = PBXFileReference; lastKnownFileType = sourcecode.swift; path = check_in1UITestsLaunchTests.swift; sourceTree = "<group>"; };
/* End PBXFileReference section */

/* Begin PBXFrameworksBuildPhase section */
		A87AA74227DAE2DD00DD31DC /* Frameworks */ = {
			isa = PBXFrameworksBuildPhase;
			buildActionMask = 2147483647;
			files = (
			);
			runOnlyForDeploymentPostprocessing = 0;
		};
		A87AA75827DAE2DF00DD31DC /* Frameworks */ = {
			isa = PBXFrameworksBuildPhase;
			buildActionMask = 2147483647;
			files = (
			);
			runOnlyForDeploymentPostprocessing = 0;
		};
		A87AA76227DAE2DF00DD31DC /* Frameworks */ = {
			isa = PBXFrameworksBuildPhase;
			buildActionMask = 2147483647;
			files = (
			);
			runOnlyForDeploymentPostprocessing = 0;
		};
/* End PBXFrameworksBuildPhase section */

/* Begin PBXGroup section */
		A87AA73C27DAE2DD00DD31DC = {
			isa = PBXGroup;
			children = (
				A87AA74727DAE2DD00DD31DC /* check-in1 */,
				A87AA75E27DAE2DF00DD31DC /* check-in1Tests */,
				A87AA76827DAE2DF00DD31DC /* check-in1UITests */,
				A87AA74627DAE2DD00DD31DC /* Products */,
			);
			sourceTree = "<group>";
		};
		A87AA74627DAE2DD00DD31DC /* Products */ = {
			isa = PBXGroup;
			children = (
				A87AA74527DAE2DD00DD31DC /* check-in1.app */,
				A87AA75B27DAE2DF00DD31DC /* check-in1Tests.xctest */,
				A87AA76527DAE2DF00DD31DC /* check-in1UITests.xctest */,
			);
			name = Products;
			sourceTree = "<group>";
		};
		A87AA74727DAE2DD00DD31DC /* check-in1 */ = {
			isa = PBXGroup;
			children = (
				A87AA74827DAE2DD00DD31DC /* AppDelegate.swift */,
				A87AA74A27DAE2DD00DD31DC /* SceneDelegate.swift */,
				A87AA74C27DAE2DD00DD31DC /* ViewController.swift */,
				A87AA74E27DAE2DD00DD31DC /* Main.storyboard */,
				A87AA75127DAE2DF00DD31DC /* Assets.xcassets */,
				A87AA75327DAE2DF00DD31DC /* LaunchScreen.storyboard */,
				A87AA75627DAE2DF00DD31DC /* Info.plist */,
			);
			path = "check-in1";
			sourceTree = "<group>";
		};
		A87AA75E27DAE2DF00DD31DC /* check-in1Tests */ = {
			isa = PBXGroup;
			children = (
				A87AA75F27DAE2DF00DD31DC /* check_in1Tests.swift */,
			);
			path = "check-in1Tests";
			sourceTree = "<group>";
		};
		A87AA76827DAE2DF00DD31DC /* check-in1UITests */ = {
			isa = PBXGroup;
			children = (
				A87AA76927DAE2DF00DD31DC /* check_in1UITests.swift */,
				A87AA76B27DAE2DF00DD31DC /* check_in1UITestsLaunchTests.swift */,
			);
			path = "check-in1UITests";
			sourceTree = "<group>";
		};
/* End PBXGroup section */

/* Begin PBXNativeTarget section */
		A87AA74427DAE2DD00DD31DC /* check-in1 */ = {
			isa = PBXNativeTarget;
			buildConfigurationList = A87AA76F27DAE2DF00DD31DC /* Build configuration list for PBXNativeTarget "check-in1" */;
			buildPhases = (
				A87AA74127DAE2DD00DD31DC /* Sources */,
				A87AA74227DAE2DD00DD31DC /* Frameworks */,
				A87AA74327DAE2DD00DD31DC /* Resources */,
			);
			buildRules = (
			);
			dependencies = (
			);
			name = "check-in1";
			productName = "check-in1";
			productReference = A87AA74527DAE2DD00DD31DC /* check-in1.app */;
			productType = "com.apple.product-type.application";
		};
		A87AA75A27DAE2DF00DD31DC /* check-in1Tests */ = {
			isa = PBXNativeTarget;
			buildConfigurationList = A87AA77227DAE2DF00DD31DC /* Build configuration list for PBXNativeTarget "check-in1Tests" */;
			buildPhases = (
				A87AA75727DAE2DF00DD31DC /* Sources */,
				A87AA75827DAE2DF00DD31DC /* Frameworks */,
				A87AA75927DAE2DF00DD31DC /* Resources */,
			);
			buildRules = (
			);
			dependencies = (
				A87AA75D27DAE2DF00DD31DC /* PBXTargetDependency */,
			);
			name = "check-in1Tests";
			productName = "check-in1Tests";
			productReference = A87AA75B27DAE2DF00DD31DC /* check-in1Tests.xctest */;
			productType = "com.apple.product-type.bundle.unit-test";
		};
		A87AA76427DAE2DF00DD31DC /* check-in1UITests */ = {
			isa = PBXNativeTarget;
			buildConfigurationList = A87AA77527DAE2DF00DD31DC /* Build configuration list for PBXNativeTarget "check-in1UITests" */;
			buildPhases = (
				A87AA76127DAE2DF00DD31DC /* Sources */,
				A87AA76227DAE2DF00DD31DC /* Frameworks */,
				A87AA76327DAE2DF00DD31DC /* Resources */,
			);
			buildRules = (
			);
			dependencies = (
				A87AA76727DAE2DF00DD31DC /* PBXTargetDependency */,
			);
			name = "check-in1UITests";
			productName = "check-in1UITests";
			productReference = A87AA76527DAE2DF00DD31DC /* check-in1UITests.xctest */;
			productType = "com.apple.product-type.bundle.ui-testing";
		};
/* End PBXNativeTarget section */

/* Begin PBXProject section */
		A87AA73D27DAE2DD00DD31DC /* Project object */ = {
			isa = PBXProject;
			attributes = {
				BuildIndependentTargetsInParallel = 1;
				LastSwiftUpdateCheck = 1320;
				LastUpgradeCheck = 1320;
				TargetAttributes = {
					A87AA74427DAE2DD00DD31DC = {
						CreatedOnToolsVersion = 13.2.1;
					};
					A87AA75A27DAE2DF00DD31DC = {
						CreatedOnToolsVersion = 13.2.1;
						TestTargetID = A87AA74427DAE2DD00DD31DC;
					};
					A87AA76427DAE2DF00DD31DC = {
						CreatedOnToolsVersion = 13.2.1;
						TestTargetID = A87AA74427DAE2DD00DD31DC;
					};
				};
			};
			buildConfigurationList = A87AA74027DAE2DD00DD31DC /* Build configuration list for PBXProject "check-in1" */;
			compatibilityVersion = "Xcode 13.0";
			developmentRegion = en;
			hasScannedForEncodings = 0;
			knownRegions = (
				en,
				Base,
			);
			mainGroup = A87AA73C27DAE2DD00DD31DC;
			productRefGroup = A87AA74627DAE2DD00DD31DC /* Products */;
			projectDirPath = "";
			projectRoot = "";
			targets = (
				A87AA74427DAE2DD00DD31DC /* check-in1 */,
				A87AA75A27DAE2DF00DD31DC /* check-in1Tests */,
				A87AA76427DAE2DF00DD31DC /* check-in1UITests */,
			);
		};
/* End PBXProject section */

/* Begin PBXResourcesBuildPhase section */
		A87AA74327DAE2DD00DD31DC /* Resources */ = {
			isa = PBXResourcesBuildPhase;
			buildActionMask = 2147483647;
			files = (
				A87AA75527DAE2DF00DD31DC /* LaunchScreen.storyboard in Resources */,
				A87AA75227DAE2DF00DD31DC /* Assets.xcassets in Resources */,
				A87AA75027DAE2DD00DD31DC /* Main.storyboard in Resources */,
			);
			runOnlyForDeploymentPostprocessing = 0;
		};
		A87AA75927DAE2DF00DD31DC /* Resources */ = {
			isa = PBXResourcesBuildPhase;
			buildActionMask = 2147483647;
			files = (
			);
			runOnlyForDeploymentPostprocessing = 0;
		};
		A87AA76327DAE2DF00DD31DC /* Resources */ = {
			isa = PBXResourcesBuildPhase;
			buildActionMask = 2147483647;
			files = (
			);
			runOnlyForDeploymentPostprocessing = 0;
		};
/* End PBXResourcesBuildPhase section */

/* Begin PBXSourcesBuildPhase section */
		A87AA74127DAE2DD00DD31DC /* Sources */ = {
			isa = PBXSourcesBuildPhase;
			buildActionMask = 2147483647;
			files = (
				A87AA74D27DAE2DD00DD31DC /* ViewController.swift in Sources */,
				A87AA74927DAE2DD00DD31DC /* AppDelegate.swift in Sources */,
				A87AA74B27DAE2DD00DD31DC /* SceneDelegate.swift in Sources */,
			);
			runOnlyForDeploymentPostprocessing = 0;
		};
		A87AA75727DAE2DF00DD31DC /* Sources */ = {
			isa = PBXSourcesBuildPhase;
			buildActionMask = 2147483647;
			files = (
				A87AA76027DAE2DF00DD31DC /* check_in1Tests.swift in Sources */,
			);
			runOnlyForDeploymentPostprocessing = 0;
		};
		A87AA76127DAE2DF00DD31DC /* Sources */ = {
			isa = PBXSourcesBuildPhase;
			buildActionMask = 2147483647;
			files = (
				A87AA76C27DAE2DF00DD31DC /* check_in1UITestsLaunchTests.swift in Sources */,
				A87AA76A27DAE2DF00DD31DC /* check_in1UITests.swift in Sources */,
			);
			runOnlyForDeploymentPostprocessing = 0;
		};
/* End PBXSourcesBuildPhase section */

/* Begin PBXTargetDependency section */
		A87AA75D27DAE2DF00DD31DC /* PBXTargetDependency */ = {
			isa = PBXTargetDependency;
			target = A87AA74427DAE2DD00DD31DC /* check-in1 */;
			targetProxy = A87AA75C27DAE2DF00DD31DC /* PBXContainerItemProxy */;
		};
		A87AA76727DAE2DF00DD31DC /* PBXTargetDependency */ = {
			isa = PBXTargetDependency;
			target = A87AA74427DAE2DD00DD31DC /* check-in1 */;
			targetProxy = A87AA76627DAE2DF00DD31DC /* PBXContainerItemProxy */;
		};
/* End PBXTargetDependency section */

/* Begin PBXVariantGroup section */
		A87AA74E27DAE2DD00DD31DC /* Main.storyboard */ = {
			isa = PBXVariantGroup;
			children = (
				A87AA74F27DAE2DD00DD31DC /* Base */,
			);
			name = Main.storyboard;
			sourceTree = "<group>";
		};
		A87AA75327DAE2DF00DD31DC /* LaunchScreen.storyboard */ = {
			isa = PBXVariantGroup;
			children = (
				A87AA75427DAE2DF00DD31DC /* Base */,
			);
			name = LaunchScreen.storyboard;
			sourceTree = "<group>";
		};
/* End PBXVariantGroup section */

/* Begin XCBuildConfiguration section */
		A87AA76D27DAE2DF00DD31DC /* Debug */ = {
			isa = XCBuildConfiguration;
			buildSettings = {
				ALWAYS_SEARCH_USER_PATHS = NO;
				CLANG_ANALYZER_NONNULL = YES;
				CLANG_ANALYZER_NUMBER_OBJECT_CONVERSION = YES_AGGRESSIVE;
				CLANG_CXX_LANGUAGE_STANDARD = "gnu++17";
				CLANG_CXX_LIBRARY = "libc++";
				CLANG_ENABLE_MODULES = YES;
				CLANG_ENABLE_OBJC_ARC = YES;
				CLANG_ENABLE_OBJC_WEAK = YES;
				CLANG_WARN_BLOCK_CAPTURE_AUTORELEASING = YES;
				CLANG_WARN_BOOL_CONVERSION = YES;
				CLANG_WARN_COMMA = YES;
				CLANG_WARN_CONSTANT_CONVERSION = YES;
				CLANG_WARN_DEPRECATED_OBJC_IMPLEMENTATIONS = YES;
				CLANG_WARN_DIRECT_OBJC_ISA_USAGE = YES_ERROR;
				CLANG_WARN_DOCUMENTATION_COMMENTS = YES;
				CLANG_WARN_EMPTY_BODY = YES;
				CLANG_WARN_ENUM_CONVERSION = YES;
				CLANG_WARN_INFINITE_RECURSION = YES;
				CLANG_WARN_INT_CONVERSION = YES;
				CLANG_WARN_NON_LITERAL_NULL_CONVERSION = YES;
				CLANG_WARN_OBJC_IMPLICIT_RETAIN_SELF = YES;
				CLANG_WARN_OBJC_LITERAL_CONVERSION = YES;
				CLANG_WARN_OBJC_ROOT_CLASS = YES_ERROR;
				CLANG_WARN_QUOTED_INCLUDE_IN_FRAMEWORK_HEADER = YES;
				CLANG_WARN_RANGE_LOOP_ANALYSIS = YES;
				CLANG_WARN_STRICT_PROTOTYPES = YES;
				CLANG_WARN_SUSPICIOUS_MOVE = YES;
				CLANG_WARN_UNGUARDED_AVAILABILITY = YES_AGGRESSIVE;
				CLANG_WARN_UNREACHABLE_CODE = YES;
				CLANG_WARN__DUPLICATE_METHOD_MATCH = YES;
				COPY_PHASE_STRIP = NO;
				DEBUG_INFORMATION_FORMAT = dwarf;
				ENABLE_STRICT_OBJC_MSGSEND = YES;
				ENABLE_TESTABILITY = YES;
				GCC_C_LANGUAGE_STANDARD = gnu11;
				GCC_DYNAMIC_NO_PIC = NO;
				GCC_NO_COMMON_BLOCKS = YES;
				GCC_OPTIMIZATION_LEVEL = 0;
				GCC_PREPROCESSOR_DEFINITIONS = (
					"DEBUG=1",
					"$(inherited)",
				);
				GCC_WARN_64_TO_32_BIT_CONVERSION = YES;
				GCC_WARN_ABOUT_RETURN_TYPE = YES_ERROR;
				GCC_WARN_UNDECLARED_SELECTOR = YES;
				GCC_WARN_UNINITIALIZED_AUTOS = YES_AGGRESSIVE;
				GCC_WARN_UNUSED_FUNCTION = YES;
				GCC_WARN_UNUSED_VARIABLE = YES;
				IPHONEOS_DEPLOYMENT_TARGET = 15.2;
				MTL_ENABLE_DEBUG_INFO = INCLUDE_SOURCE;
				MTL_FAST_MATH = YES;
				ONLY_ACTIVE_ARCH = YES;
				SDKROOT = iphoneos;
				SWIFT_ACTIVE_COMPILATION_CONDITIONS = DEBUG;
				SWIFT_OPTIMIZATION_LEVEL = "-Onone";
			};
			name = Debug;
		};
		A87AA76E27DAE2DF00DD31DC /* Release */ = {
			isa = XCBuildConfiguration;
			buildSettings = {
				ALWAYS_SEARCH_USER_PATHS = NO;
				CLANG_ANALYZER_NONNULL = YES;
				CLANG_ANALYZER_NUMBER_OBJECT_CONVERSION = YES_AGGRESSIVE;
				CLANG_CXX_LANGUAGE_STANDARD = "gnu++17";
				CLANG_CXX_LIBRARY = "libc++";
				CLANG_ENABLE_MODULES = YES;
				CLANG_ENABLE_OBJC_ARC = YES;
				CLANG_ENABLE_OBJC_WEAK = YES;
				CLANG_WARN_BLOCK_CAPTURE_AUTORELEASING = YES;
				CLANG_WARN_BOOL_CONVERSION = YES;
				CLANG_WARN_COMMA = YES;
				CLANG_WARN_CONSTANT_CONVERSION = YES;
				CLANG_WARN_DEPRECATED_OBJC_IMPLEMENTATIONS = YES;
				CLANG_WARN_DIRECT_OBJC_ISA_USAGE = YES_ERROR;
				CLANG_WARN_DOCUMENTATION_COMMENTS = YES;
				CLANG_WARN_EMPTY_BODY = YES;
				CLANG_WARN_ENUM_CONVERSION = YES;
				CLANG_WARN_INFINITE_RECURSION = YES;
				CLANG_WARN_INT_CONVERSION = YES;
				CLANG_WARN_NON_LITERAL_NULL_CONVERSION = YES;
				CLANG_WARN_OBJC_IMPLICIT_RETAIN_SELF = YES;
				CLANG_WARN_OBJC_LITERAL_CONVERSION = YES;
				CLANG_WARN_OBJC_ROOT_CLASS = YES_ERROR;
				CLANG_WARN_QUOTED_INCLUDE_IN_FRAMEWORK_HEADER = YES;
				CLANG_WARN_RANGE_LOOP_ANALYSIS = YES;
				CLANG_WARN_STRICT_PROTOTYPES = YES;
				CLANG_WARN_SUSPICIOUS_MOVE = YES;
				CLANG_WARN_UNGUARDED_AVAILABILITY = YES_AGGRESSIVE;
				CLANG_WARN_UNREACHABLE_CODE = YES;
				CLANG_WARN__DUPLICATE_METHOD_MATCH = YES;
				COPY_PHASE_STRIP = NO;
				DEBUG_INFORMATION_FORMAT = "dwarf-with-dsym";
				ENABLE_NS_ASSERTIONS = NO;
				ENABLE_STRICT_OBJC_MSGSEND = YES;
				GCC_C_LANGUAGE_STANDARD = gnu11;
				GCC_NO_COMMON_BLOCKS = YES;
				GCC_WARN_64_TO_32_BIT_CONVERSION = YES;
				GCC_WARN_ABOUT_RETURN_TYPE = YES_ERROR;
				GCC_WARN_UNDECLARED_SELECTOR = YES;
				GCC_WARN_UNINITIALIZED_AUTOS = YES_AGGRESSIVE;
				GCC_WARN_UNUSED_FUNCTION = YES;
				GCC_WARN_UNUSED_VARIABLE = YES;
				IPHONEOS_DEPLOYMENT_TARGET = 15.2;
				MTL_ENABLE_DEBUG_INFO = NO;
				MTL_FAST_MATH = YES;
				SDKROOT = iphoneos;
				SWIFT_COMPILATION_MODE = wholemodule;
				SWIFT_OPTIMIZATION_LEVEL = "-O";
				VALIDATE_PRODUCT = YES;
			};
			name = Release;
		};
		A87AA77027DAE2DF00DD31DC /* Debug */ = {
			isa = XCBuildConfiguration;
			buildSettings = {
				ASSETCATALOG_COMPILER_APPICON_NAME = AppIcon;
				ASSETCATALOG_COMPILER_GLOBAL_ACCENT_COLOR_NAME = AccentColor;
				CODE_SIGN_STYLE = Automatic;
				CURRENT_PROJECT_VERSION = 1;
				DEVELOPMENT_TEAM = F5NGSKQT7P;
				GENERATE_INFOPLIST_FILE = YES;
				INFOPLIST_FILE = "check-in1/Info.plist";
				INFOPLIST_KEY_UIApplicationSupportsIndirectInputEvents = YES;
				INFOPLIST_KEY_UILaunchStoryboardName = LaunchScreen;
				INFOPLIST_KEY_UIMainStoryboardFile = Main;
				INFOPLIST_KEY_UISupportedInterfaceOrientations_iPad = "UIInterfaceOrientationPortrait UIInterfaceOrientationPortraitUpsideDown UIInterfaceOrientationLandscapeLeft UIInterfaceOrientationLandscapeRight";
				INFOPLIST_KEY_UISupportedInterfaceOrientations_iPhone = "UIInterfaceOrientationPortrait UIInterfaceOrientationLandscapeLeft UIInterfaceOrientationLandscapeRight";
				LD_RUNPATH_SEARCH_PATHS = (
					"$(inherited)",
					"@executable_path/Frameworks",
				);
				MARKETING_VERSION = 1.0;
				PRODUCT_BUNDLE_IDENTIFIER = "Fran.check-in1";
				PRODUCT_NAME = "$(TARGET_NAME)";
				SWIFT_EMIT_LOC_STRINGS = YES;
				SWIFT_VERSION = 5.0;
				TARGETED_DEVICE_FAMILY = "1,2";
			};
			name = Debug;
		};
		A87AA77127DAE2DF00DD31DC /* Release */ = {
			isa = XCBuildConfiguration;
			buildSettings = {
				ASSETCATALOG_COMPILER_APPICON_NAME = AppIcon;
				ASSETCATALOG_COMPILER_GLOBAL_ACCENT_COLOR_NAME = AccentColor;
				CODE_SIGN_STYLE = Automatic;
				CURRENT_PROJECT_VERSION = 1;
				DEVELOPMENT_TEAM = F5NGSKQT7P;
				GENERATE_INFOPLIST_FILE = YES;
				INFOPLIST_FILE = "check-in1/Info.plist";
				INFOPLIST_KEY_UIApplicationSupportsIndirectInputEvents = YES;
				INFOPLIST_KEY_UILaunchStoryboardName = LaunchScreen;
				INFOPLIST_KEY_UIMainStoryboardFile = Main;
				INFOPLIST_KEY_UISupportedInterfaceOrientations_iPad = "UIInterfaceOrientationPortrait UIInterfaceOrientationPortraitUpsideDown UIInterfaceOrientationLandscapeLeft UIInterfaceOrientationLandscapeRight";
				INFOPLIST_KEY_UISupportedInterfaceOrientations_iPhone = "UIInterfaceOrientationPortrait UIInterfaceOrientationLandscapeLeft UIInterfaceOrientationLandscapeRight";
				LD_RUNPATH_SEARCH_PATHS = (
					"$(inherited)",
					"@executable_path/Frameworks",
				);
				MARKETING_VERSION = 1.0;
				PRODUCT_BUNDLE_IDENTIFIER = "Fran.check-in1";
				PRODUCT_NAME = "$(TARGET_NAME)";
				SWIFT_EMIT_LOC_STRINGS = YES;
				SWIFT_VERSION = 5.0;
				TARGETED_DEVICE_FAMILY = "1,2";
			};
			name = Release;
		};
		A87AA77327DAE2DF00DD31DC /* Debug */ = {
			isa = XCBuildConfiguration;
			buildSettings = {
				ALWAYS_EMBED_SWIFT_STANDARD_LIBRARIES = YES;
				BUNDLE_LOADER = "$(TEST_HOST)";
				CODE_SIGN_STYLE = Automatic;
				CURRENT_PROJECT_VERSION = 1;
				DEVELOPMENT_TEAM = F5NGSKQT7P;
				GENERATE_INFOPLIST_FILE = YES;
				IPHONEOS_DEPLOYMENT_TARGET = 15.2;
				MARKETING_VERSION = 1.0;
				PRODUCT_BUNDLE_IDENTIFIER = "Fran.check-in1Tests";
				PRODUCT_NAME = "$(TARGET_NAME)";
				SWIFT_EMIT_LOC_STRINGS = NO;
				SWIFT_VERSION = 5.0;
				TARGETED_DEVICE_FAMILY = "1,2";
				TEST_HOST = "$(BUILT_PRODUCTS_DIR)/check-in1.app/check-in1";
			};
			name = Debug;
		};
		A87AA77427DAE2DF00DD31DC /* Release */ = {
			isa = XCBuildConfiguration;
			buildSettings = {
				ALWAYS_EMBED_SWIFT_STANDARD_LIBRARIES = YES;
				BUNDLE_LOADER = "$(TEST_HOST)";
				CODE_SIGN_STYLE = Automatic;
				CURRENT_PROJECT_VERSION = 1;
				DEVELOPMENT_TEAM = F5NGSKQT7P;
				GENERATE_INFOPLIST_FILE = YES;
				IPHONEOS_DEPLOYMENT_TARGET = 15.2;
				MARKETING_VERSION = 1.0;
				PRODUCT_BUNDLE_IDENTIFIER = "Fran.check-in1Tests";
				PRODUCT_NAME = "$(TARGET_NAME)";
				SWIFT_EMIT_LOC_STRINGS = NO;
				SWIFT_VERSION = 5.0;
				TARGETED_DEVICE_FAMILY = "1,2";
				TEST_HOST = "$(BUILT_PRODUCTS_DIR)/check-in1.app/check-in1";
			};
			name = Release;
		};
		A87AA77627DAE2DF00DD31DC /* Debug */ = {
			isa = XCBuildConfiguration;
			buildSettings = {
				ALWAYS_EMBED_SWIFT_STANDARD_LIBRARIES = YES;
				CODE_SIGN_STYLE = Automatic;
				CURRENT_PROJECT_VERSION = 1;
				DEVELOPMENT_TEAM = F5NGSKQT7P;
				GENERATE_INFOPLIST_FILE = YES;
				MARKETING_VERSION = 1.0;
				PRODUCT_BUNDLE_IDENTIFIER = "Fran.check-in1UITests";
				PRODUCT_NAME = "$(TARGET_NAME)";
				SWIFT_EMIT_LOC_STRINGS = NO;
				SWIFT_VERSION = 5.0;
				TARGETED_DEVICE_FAMILY = "1,2";
				TEST_TARGET_NAME = "check-in1";
			};
			name = Debug;
		};
		A87AA77727DAE2DF00DD31DC /* Release */ = {
			isa = XCBuildConfiguration;
			buildSettings = {
				ALWAYS_EMBED_SWIFT_STANDARD_LIBRARIES = YES;
				CODE_SIGN_STYLE = Automatic;
				CURRENT_PROJECT_VERSION = 1;
				DEVELOPMENT_TEAM = F5NGSKQT7P;
				GENERATE_INFOPLIST_FILE = YES;
				MARKETING_VERSION = 1.0;
				PRODUCT_BUNDLE_IDENTIFIER = "Fran.check-in1UITests";
				PRODUCT_NAME = "$(TARGET_NAME)";
				SWIFT_EMIT_LOC_STRINGS = NO;
				SWIFT_VERSION = 5.0;
				TARGETED_DEVICE_FAMILY = "1,2";
				TEST_TARGET_NAME = "check-in1";
			};
			name = Release;
		};
/* End XCBuildConfiguration section */

/* Begin XCConfigurationList section */
		A87AA74027DAE2DD00DD31DC /* Build configuration list for PBXProject "check-in1" */ = {
			isa = XCConfigurationList;
			buildConfigurations = (
				A87AA76D27DAE2DF00DD31DC /* Debug */,
				A87AA76E27DAE2DF00DD31DC /* Release */,
			);
			defaultConfigurationIsVisible = 0;
			defaultConfigurationName = Release;
		};
		A87AA76F27DAE2DF00DD31DC /* Build configuration list for PBXNativeTarget "check-in1" */ = {
			isa = XCConfigurationList;
			buildConfigurations = (
				A87AA77027DAE2DF00DD31DC /* Debug */,
				A87AA77127DAE2DF00DD31DC /* Release */,
			);
			defaultConfigurationIsVisible = 0;
			defaultConfigurationName = Release;
		};
		A87AA77227DAE2DF00DD31DC /* Build configuration list for PBXNativeTarget "check-in1Tests" */ = {
			isa = XCConfigurationList;
			buildConfigurations = (
				A87AA77327DAE2DF00DD31DC /* Debug */,
				A87AA77427DAE2DF00DD31DC /* Release */,
			);
			defaultConfigurationIsVisible = 0;
			defaultConfigurationName = Release;
		};
		A87AA77527DAE2DF00DD31DC /* Build configuration list for PBXNativeTarget "check-in1UITests" */ = {
			isa = XCConfigurationList;
			buildConfigurations = (
				A87AA77627DAE2DF00DD31DC /* Debug */,
				A87AA77727DAE2DF00DD31DC /* Release */,
			);
			defaultConfigurationIsVisible = 0;
			defaultConfigurationName = Release;
		};
/* End XCConfigurationList section */
	};
	rootObject = A87AA73D27DAE2DD00DD31DC /* Project object */;
}
